{
  "projects": [
    {
      "projectId": "gi6rEhwsocWhqkuwMwobeZ",
      "version": "latest",
      "dependencies": {},
      "lang": "ts",
      "fileLocks": [
        {
          "type": "globalVariant",
          "assetId": "b2xE6IdU21Rv",
          "checksum": "60b75cee64d4d64c8bf511eed2b5524d"
        },
        {
          "assetId": "gi6rEhwsocWhqkuwMwobeZ",
          "type": "projectCss",
          "checksum": "2ca987610e0ca548a57d67e361d9bff0"
        },
        {
          "type": "renderModule",
          "assetId": "aK6UvK3HxQ08",
          "checksum": "f04400bae7f757cc5514782030d69a5c"
        },
        {
          "type": "cssRules",
          "assetId": "aK6UvK3HxQ08",
          "checksum": "f04400bae7f757cc5514782030d69a5c"
        },
        {
          "type": "renderModule",
          "assetId": "-zgbcU0Mm-cU",
          "checksum": "ba9ba70f9a5e5812cde423edbf3524ca"
        },
        {
          "type": "cssRules",
          "assetId": "-zgbcU0Mm-cU",
          "checksum": "ba9ba70f9a5e5812cde423edbf3524ca"
        },
        {
          "type": "renderModule",
          "assetId": "H-AuKz2_TMjn",
          "checksum": "285c2164d93137d852ba939cd449432f"
        },
        {
          "type": "cssRules",
          "assetId": "H-AuKz2_TMjn",
          "checksum": "285c2164d93137d852ba939cd449432f"
        },
        {
          "type": "renderModule",
          "assetId": "JL-HiSuSM6B5",
          "checksum": "e5faf7c9d2e6a333373c19db1d5a037e"
        },
        {
          "type": "cssRules",
          "assetId": "JL-HiSuSM6B5",
          "checksum": "e5faf7c9d2e6a333373c19db1d5a037e"
        },
        {
          "type": "renderModule",
          "assetId": "e2sCvrNnb8xD",
          "checksum": "286b663cfac28c0e1558b073a6add42e"
        },
        {
          "type": "cssRules",
          "assetId": "e2sCvrNnb8xD",
          "checksum": "286b663cfac28c0e1558b073a6add42e"
        },
        {
          "type": "renderModule",
          "assetId": "ZaGxmhf-YRLe",
          "checksum": "eb67583417f19181709bfde563fe1eef"
        },
        {
          "type": "cssRules",
          "assetId": "ZaGxmhf-YRLe",
          "checksum": "eb67583417f19181709bfde563fe1eef"
        },
        {
          "type": "renderModule",
          "assetId": "zx-qrdDScuYh",
          "checksum": "4131d8975b72806f38a9e0672fb52714"
        },
        {
          "type": "cssRules",
          "assetId": "zx-qrdDScuYh",
          "checksum": "4131d8975b72806f38a9e0672fb52714"
        },
        {
          "type": "renderModule",
          "assetId": "9qvfpijGhjZN",
          "checksum": "51c7c150f24f542770f56b28382a2e83"
        },
        {
          "type": "cssRules",
          "assetId": "9qvfpijGhjZN",
          "checksum": "51c7c150f24f542770f56b28382a2e83"
        },
        {
          "type": "renderModule",
          "assetId": "LfqA1yxQY8jJ",
          "checksum": "a66fa87194c72f03c8d5a0dc3c86ff3b"
        },
        {
          "type": "cssRules",
          "assetId": "LfqA1yxQY8jJ",
          "checksum": "a66fa87194c72f03c8d5a0dc3c86ff3b"
        },
        {
          "type": "renderModule",
          "assetId": "Oln9733FJQPl",
          "checksum": "ac1c54362f4208cf4f16ccf9787be849"
        },
        {
          "type": "cssRules",
          "assetId": "Oln9733FJQPl",
          "checksum": "ac1c54362f4208cf4f16ccf9787be849"
        },
        {
          "type": "renderModule",
          "assetId": "Frzyii14tfkK",
          "checksum": "7ebe2440dffb94dd9dd7445de0b7714f"
        },
        {
          "type": "cssRules",
          "assetId": "Frzyii14tfkK",
          "checksum": "7ebe2440dffb94dd9dd7445de0b7714f"
        },
        {
          "type": "icon",
          "assetId": "m6UUABRRBoMV",
          "checksum": "df8c97dce162525dcdbcfb8f34471e82"
        },
        {
          "type": "icon",
          "assetId": "gSzile6w4fOS",
          "checksum": "15bc3afaaed8e75413dc7f01c4770e54"
        },
        {
          "type": "icon",
          "assetId": "T0yH5PyZSUIF",
          "checksum": "ab92fa71085effb5ea5588a34edba829"
        },
        {
          "type": "icon",
          "assetId": "FyGuj6UHzWQK",
          "checksum": "a2fba9b89f5180e394b0cedb1c0e3852"
        },
        {
          "type": "icon",
          "assetId": "0hZUbwjdWQkT",
          "checksum": "a206f16b8573378193abfca94d849c99"
        },
        {
          "type": "icon",
          "assetId": "z_IOEfaWdJXe",
          "checksum": "fe7d7f89fe70421edeab3aaf79ec9164"
        },
        {
          "type": "icon",
          "assetId": "qfodhy_sUXyL",
          "checksum": "e652a065fdc31e74d8dd328b49b6d6f6"
        },
        {
          "type": "icon",
          "assetId": "bjUl4Vrmchgl",
          "checksum": "16c5d733c8e6122ad227544797770a6a"
        },
        {
          "type": "icon",
          "assetId": "z18Nf4doz6Oz",
          "checksum": "5a3b1e286e9cde1f0e3d190dc0b8ddb5"
        },
        {
          "type": "image",
          "assetId": "nNTKhBqui6aF",
          "checksum": "6005b28c0cf60c3e8ecce05aadb29d4d"
        },
        {
          "type": "image",
          "assetId": "bFHNmkIJBPfe",
          "checksum": "cdcf7af4f5c19d7643883f6503765ec0"
        },
        {
          "type": "image",
          "assetId": "FCzzKRHOmgx6",
          "checksum": "6fb1c436baacc4dce52f8378d26c6a3b"
        },
        {
          "type": "image",
          "assetId": "7CSWlDMsmljq",
          "checksum": "d1c0f844676de796769c290cc634d32d"
        },
        {
          "type": "image",
          "assetId": "j45k_-wzmHGs",
          "checksum": "7fb329b25137486dcaa1b2d736b9438f"
        },
        {
          "type": "image",
          "assetId": "Py-eUmeoaWyu",
          "checksum": "1681c56fd1bb8c2cbf8306561d6917cd"
        },
        {
          "type": "image",
          "assetId": "uydYHDqh48AU",
          "checksum": "d3638d0de3012c0a8172faeeb6466b67"
        },
        {
          "type": "image",
          "assetId": "zeeMcEwi1qkQ",
          "checksum": "e40af23bb6e0664638263539c84cb92e"
        },
        {
          "type": "image",
          "assetId": "FR4vyDztuUAy",
          "checksum": "efb3b7648b49690b297a90a1429079a6"
        },
        {
          "type": "image",
          "assetId": "BhO0E8sICv4Q",
          "checksum": "20b19bb7afc2fdad2b92fbfd91aeaa99"
        },
        {
          "type": "image",
          "assetId": "FhPZsflaeeEM",
          "checksum": "043bc15f406d8302e9db549dd8d0fe89"
        },
        {
          "type": "image",
          "assetId": "t8vteW6kGWxY",
          "checksum": "850a43df08b9186153f3a3b0b3ec5684"
        },
        {
          "type": "image",
          "assetId": "QxUqVjyhkqF8",
          "checksum": "856ccbcf351ba731ba767c43d92d62ee"
        },
        {
          "type": "image",
          "assetId": "GZyk_7nu3jE3",
          "checksum": "4212c967409ab59b82f6419e8b9fb456"
        },
        {
          "type": "image",
          "assetId": "VrU7rqLY-Yzg",
          "checksum": "a9b8e3f5eb83c94fbee67fb950596987"
        },
        {
          "type": "image",
          "assetId": "sNf5cd2KWU3p",
          "checksum": "f38b561d81a92a2291849670bce3fee4"
        },
        {
          "type": "image",
          "assetId": "JZU9GiDXVm9T",
          "checksum": "cc2bb7c63f199c45eab3cc6d1345707b"
        },
        {
          "type": "image",
          "assetId": "lEnvG3Mnooeb",
          "checksum": "3db52fc8082069ba8b9691982aad2366"
        },
        {
          "type": "image",
          "assetId": "uJ0u60Da-NpZ",
          "checksum": "a901a77e25fd5bce3e0947f868de8e5f"
        },
        {
          "type": "image",
          "assetId": "DHCr98eDk1ek",
          "checksum": "76bc79989df2cf3fcf0cf7046ca56ef3"
        },
        {
          "type": "image",
          "assetId": "Bb9Ex2PEoLzq",
          "checksum": "f19a0be069ca7ace1ce732aa603c07d5"
        },
        {
          "type": "image",
          "assetId": "DHRzf9KV75XS",
          "checksum": "70d1f6b0d4e35113b1ba77922a2f0c93"
        },
        {
          "type": "image",
          "assetId": "nzmsxVZE8uWK",
          "checksum": "ea01ba083ab16125d2c5029abbaf0d7c"
        },
        {
          "type": "image",
          "assetId": "ZudjRvqTWMZq",
          "checksum": "ea09e0d3ce14a95dca374bfc622678f8"
        },
        {
          "type": "image",
          "assetId": "GbnwrpCo8SMY",
          "checksum": "6bdba781d25990333459678dfd0ff5ff"
        },
        {
          "type": "image",
          "assetId": "PttuUUYt_-S6",
          "checksum": "3d2a9d943e2b03daf54b783175c95db2"
        },
        {
          "type": "image",
          "assetId": "WBzhl8VMJki_",
          "checksum": "f327bb5f3721bde62e1e11e60c689580"
        },
        {
          "type": "image",
          "assetId": "wox53yzenIRY",
          "checksum": "2427101cce7c85bc656660c858754227"
        },
        {
          "type": "image",
          "assetId": "AVo3Vn9Qoogq",
          "checksum": "916079ad9a53ee5b81fb613e1432a29f"
        },
        {
          "type": "image",
          "assetId": "2TigCpK3Btoe",
          "checksum": "1b729259d7098e1da90cd4dda02fb7bb"
        },
        {
          "type": "image",
          "assetId": "_t2PHIq4UgKA",
          "checksum": "f6e62e17ae964c9ecedfaaea6771c195"
        },
        {
          "type": "image",
          "assetId": "_vU61AVvwbS3",
          "checksum": "29e6d9801b08d7f1be4b13636e5a4355"
        },
        {
          "type": "image",
          "assetId": "s2B0vKtixgyW",
          "checksum": "4a7235e39153f5d7252fda7f8598f9bb"
        },
        {
          "type": "image",
          "assetId": "ODkliFLiNhnm",
          "checksum": "25005521054911aac6e31727f7a2f092"
        },
        {
          "type": "image",
          "assetId": "kj1_T5a3Arkk",
          "checksum": "db4c93de8bc2018ccc72b03e18927ab8"
        },
        {
          "type": "image",
          "assetId": "rUieBu68U8jH",
          "checksum": "b5429d3024c9922d1ff5aca3c62884d9"
        },
        {
          "type": "image",
          "assetId": "iUUFQTSgm273",
          "checksum": "20adbd186a189040866b4320e4afdb7f"
        }
      ],
      "codegenVersion": "0.0.1"
    }
  ],
  "cliVersion": "0.1.331"
}
